
Microsoft Visual Studio Solution File, Format Version 12.00
# Visual Studio 15
VisualStudioVersion = 15.0.26403.7
MinimumVisualStudioVersion = 10.0.40219.1
Project("{FAE04EC0-301F-11D3-BF4B-00C04F79EFBC}") = "GZ-2D-LZ", "GZ-2D-LZ\GZ-2D-LZ.csproj", "{98E447CE-ABE6-4C14-853A-D7D7A58F5E46}"
EndProject
Project("{FAE04EC0-301F-11D3-BF4B-00C04F79EFBC}") = "GZ-2D-LZ.IntegrationTests", "GZ-2D-LZ.IntegrationTests\GZ-2D-LZ.IntegrationTests.csproj", "{E3C2A452-FFB2-4A8F-B35E-87CD88601154}"
EndProject
Project("{2150E333-8FDC-42A3-9474-1A3956D46DE8}") = "Tests", "Tests", "{C669E0F9-C67E-49BF-9244-F21A12753461}"
EndProject
Project("{FAE04EC0-301F-11D3-BF4B-00C04F79EFBC}") = "GZ-2D-LZ.UnitTests.Common", "GZ-2D-LZ.UnitTests.Common\GZ-2D-LZ.UnitTests.Common.csproj", "{1E7227DF-32D9-4E26-A5A6-40B3C0B7FC77}"
EndProject
Project("{FAE04EC0-301F-11D3-BF4B-00C04F79EFBC}") = "GZ-2D-LZ.UnitTests", "GZ-2D-LZ.UnitTests\GZ-2D-LZ.UnitTests.csproj", "{BB616A11-7149-4BD9-AF98-855494DA6339}"
EndProject
Project("{FAE04EC0-301F-11D3-BF4B-00C04F79EFBC}") = "BitOperations", "BitOperations\BitOperations.csproj", "{3DC0B673-7C65-4DD8-9DC5-1244EB9DC717}"
EndProject
Project("{FAE04EC0-301F-11D3-BF4B-00C04F79EFBC}") = "BitOperations.UnitTests", "BitOperations.UnitTests\BitOperations.UnitTests.csproj", "{CF0FA235-5633-4083-9680-8CDBC52E3F0D}"
EndProject
Project("{FAE04EC0-301F-11D3-BF4B-00C04F79EFBC}") = "BitOperations.IntegrationTests", "BitOperations.IntegrationTests\BitOperations.IntegrationTests.csproj", "{DADEBBFC-5910-4A1C-8BED-8B456F0DBE5D}"
EndProject
Project("{FAE04EC0-301F-11D3-BF4B-00C04F79EFBC}") = "GZ-2D-LZ.Archiver", "GZ-2D-LZ.Archiver\GZ-2D-LZ.Archiver.csproj", "{DBD5C1E3-D658-47C2-BA5B-45E7B0273E15}"
EndProject
Project("{FAE04EC0-301F-11D3-BF4B-00C04F79EFBC}") = "GZ-2D-LZ.Archiver.UnitTests", "GZ-2D-LZ.Archiver.UnitTests\GZ-2D-LZ.Archiver.UnitTests.csproj", "{7C69A934-FC43-4DC6-9224-93C566100C70}"
EndProject
Project("{FAE04EC0-301F-11D3-BF4B-00C04F79EFBC}") = "GZ-2D-LZ.UI", "GZ-2D-LZ.UI\GZ-2D-LZ.UI.csproj", "{A8093EF4-4B6E-4D5A-AC2E-1635F403B398}"
EndProject
Global
	GlobalSection(SolutionConfigurationPlatforms) = preSolution
		Debug|Any CPU = Debug|Any CPU
		Release|Any CPU = Release|Any CPU
	EndGlobalSection
	GlobalSection(ProjectConfigurationPlatforms) = postSolution
		{98E447CE-ABE6-4C14-853A-D7D7A58F5E46}.Debug|Any CPU.ActiveCfg = Debug|Any CPU
		{98E447CE-ABE6-4C14-853A-D7D7A58F5E46}.Debug|Any CPU.Build.0 = Debug|Any CPU
		{98E447CE-ABE6-4C14-853A-D7D7A58F5E46}.Release|Any CPU.ActiveCfg = Release|Any CPU
		{98E447CE-ABE6-4C14-853A-D7D7A58F5E46}.Release|Any CPU.Build.0 = Release|Any CPU
		{E3C2A452-FFB2-4A8F-B35E-87CD88601154}.Debug|Any CPU.ActiveCfg = Debug|Any CPU
		{E3C2A452-FFB2-4A8F-B35E-87CD88601154}.Debug|Any CPU.Build.0 = Debug|Any CPU
		{E3C2A452-FFB2-4A8F-B35E-87CD88601154}.Release|Any CPU.ActiveCfg = Release|Any CPU
		{E3C2A452-FFB2-4A8F-B35E-87CD88601154}.Release|Any CPU.Build.0 = Release|Any CPU
		{1E7227DF-32D9-4E26-A5A6-40B3C0B7FC77}.Debug|Any CPU.ActiveCfg = Debug|Any CPU
		{1E7227DF-32D9-4E26-A5A6-40B3C0B7FC77}.Debug|Any CPU.Build.0 = Debug|Any CPU
		{1E7227DF-32D9-4E26-A5A6-40B3C0B7FC77}.Release|Any CPU.ActiveCfg = Release|Any CPU
		{1E7227DF-32D9-4E26-A5A6-40B3C0B7FC77}.Release|Any CPU.Build.0 = Release|Any CPU
		{BB616A11-7149-4BD9-AF98-855494DA6339}.Debug|Any CPU.ActiveCfg = Debug|Any CPU
		{BB616A11-7149-4BD9-AF98-855494DA6339}.Debug|Any CPU.Build.0 = Debug|Any CPU
		{BB616A11-7149-4BD9-AF98-855494DA6339}.Release|Any CPU.ActiveCfg = Release|Any CPU
		{BB616A11-7149-4BD9-AF98-855494DA6339}.Release|Any CPU.Build.0 = Release|Any CPU
		{3DC0B673-7C65-4DD8-9DC5-1244EB9DC717}.Debug|Any CPU.ActiveCfg = Debug|Any CPU
		{3DC0B673-7C65-4DD8-9DC5-1244EB9DC717}.Debug|Any CPU.Build.0 = Debug|Any CPU
		{3DC0B673-7C65-4DD8-9DC5-1244EB9DC717}.Release|Any CPU.ActiveCfg = Release|Any CPU
		{3DC0B673-7C65-4DD8-9DC5-1244EB9DC717}.Release|Any CPU.Build.0 = Release|Any CPU
		{CF0FA235-5633-4083-9680-8CDBC52E3F0D}.Debug|Any CPU.ActiveCfg = Debug|Any CPU
		{CF0FA235-5633-4083-9680-8CDBC52E3F0D}.Debug|Any CPU.Build.0 = Debug|Any CPU
		{CF0FA235-5633-4083-9680-8CDBC52E3F0D}.Release|Any CPU.ActiveCfg = Release|Any CPU
		{CF0FA235-5633-4083-9680-8CDBC52E3F0D}.Release|Any CPU.Build.0 = Release|Any CPU
		{DADEBBFC-5910-4A1C-8BED-8B456F0DBE5D}.Debug|Any CPU.ActiveCfg = Debug|Any CPU
		{DADEBBFC-5910-4A1C-8BED-8B456F0DBE5D}.Debug|Any CPU.Build.0 = Debug|Any CPU
		{DADEBBFC-5910-4A1C-8BED-8B456F0DBE5D}.Release|Any CPU.ActiveCfg = Release|Any CPU
		{DADEBBFC-5910-4A1C-8BED-8B456F0DBE5D}.Release|Any CPU.Build.0 = Release|Any CPU
		{DBD5C1E3-D658-47C2-BA5B-45E7B0273E15}.Debug|Any CPU.ActiveCfg = Debug|Any CPU
		{DBD5C1E3-D658-47C2-BA5B-45E7B0273E15}.Debug|Any CPU.Build.0 = Debug|Any CPU
		{DBD5C1E3-D658-47C2-BA5B-45E7B0273E15}.Release|Any CPU.ActiveCfg = Release|Any CPU
		{DBD5C1E3-D658-47C2-BA5B-45E7B0273E15}.Release|Any CPU.Build.0 = Release|Any CPU
		{7C69A934-FC43-4DC6-9224-93C566100C70}.Debug|Any CPU.ActiveCfg = Debug|Any CPU
		{7C69A934-FC43-4DC6-9224-93C566100C70}.Debug|Any CPU.Build.0 = Debug|Any CPU
		{7C69A934-FC43-4DC6-9224-93C566100C70}.Release|Any CPU.ActiveCfg = Release|Any CPU
		{7C69A934-FC43-4DC6-9224-93C566100C70}.Release|Any CPU.Build.0 = Release|Any CPU
		{A8093EF4-4B6E-4D5A-AC2E-1635F403B398}.Debug|Any CPU.ActiveCfg = Debug|Any CPU
		{A8093EF4-4B6E-4D5A-AC2E-1635F403B398}.Debug|Any CPU.Build.0 = Debug|Any CPU
		{A8093EF4-4B6E-4D5A-AC2E-1635F403B398}.Release|Any CPU.ActiveCfg = Release|Any CPU
		{A8093EF4-4B6E-4D5A-AC2E-1635F403B398}.Release|Any CPU.Build.0 = Release|Any CPU
	EndGlobalSection
	GlobalSection(SolutionProperties) = preSolution
		HideSolutionNode = FALSE
	EndGlobalSection
	GlobalSection(NestedProjects) = preSolution
		{E3C2A452-FFB2-4A8F-B35E-87CD88601154} = {C669E0F9-C67E-49BF-9244-F21A12753461}
		{1E7227DF-32D9-4E26-A5A6-40B3C0B7FC77} = {C669E0F9-C67E-49BF-9244-F21A12753461}
		{BB616A11-7149-4BD9-AF98-855494DA6339} = {C669E0F9-C67E-49BF-9244-F21A12753461}
		{CF0FA235-5633-4083-9680-8CDBC52E3F0D} = {C669E0F9-C67E-49BF-9244-F21A12753461}
		{DADEBBFC-5910-4A1C-8BED-8B456F0DBE5D} = {C669E0F9-C67E-49BF-9244-F21A12753461}
		{7C69A934-FC43-4DC6-9224-93C566100C70} = {C669E0F9-C67E-49BF-9244-F21A12753461}
	EndGlobalSection
	GlobalSection(ExtensibilityGlobals) = postSolution
		SolutionGuid = {67C239A1-3B75-4126-AFB2-9AD6FA60DC67}
	EndGlobalSection
EndGlobal
